// !$*UTF8*$!
{
	archiveVersion = 1;
	classes = {
	};
	objectVersion = 50;
	objects = {

/* Begin PBXBuildFile section */
		180E20A6214B65AA00D9D9C2 /* ImageShopUSM.cpp in Sources */ = {isa = PBXBuildFile; fileRef = 180E20A4214B65AA00D9D9C2 /* ImageShopUSM.cpp */; };
		182004E52111618F00920F45 /* AppDelegate.m in Sources */ = {isa = PBXBuildFile; fileRef = 182004E42111618F00920F45 /* AppDelegate.m */; };
		182004E82111618F00920F45 /* ViewController.m in Sources */ = {isa = PBXBuildFile; fileRef = 182004E72111618F00920F45 /* ViewController.m */; };
		182004EB2111618F00920F45 /* Main.storyboard in Resources */ = {isa = PBXBuildFile; fileRef = 182004E92111618F00920F45 /* Main.storyboard */; };
		182004ED2111619100920F45 /* Assets.xcassets in Resources */ = {isa = PBXBuildFile; fileRef = 182004EC2111619100920F45 /* Assets.xcassets */; };
		182004F02111619100920F45 /* LaunchScreen.storyboard in Resources */ = {isa = PBXBuildFile; fileRef = 182004EE2111619100920F45 /* LaunchScreen.storyboard */; };
		182004F32111619100920F45 /* main.m in Sources */ = {isa = PBXBuildFile; fileRef = 182004F22111619100920F45 /* main.m */; };
		182004FD2111619100920F45 /* TestGitTests.m in Sources */ = {isa = PBXBuildFile; fileRef = 182004FC2111619100920F45 /* TestGitTests.m */; };
		182005082111619100920F45 /* TestGitUITests.m in Sources */ = {isa = PBXBuildFile; fileRef = 182005072111619100920F45 /* TestGitUITests.m */; };
		183C14632137CD54002DB228 /* TestStackView.m in Sources */ = {isa = PBXBuildFile; fileRef = 183C14622137CD54002DB228 /* TestStackView.m */; };
/* End PBXBuildFile section */

/* Begin PBXContainerItemProxy section */
		182004F92111619100920F45 /* PBXContainerItemProxy */ = {
			isa = PBXContainerItemProxy;
			containerPortal = 182004D82111618F00920F45 /* Project object */;
			proxyType = 1;
			remoteGlobalIDString = 182004DF2111618F00920F45;
			remoteInfo = TestGit;
		};
		182005042111619100920F45 /* PBXContainerItemProxy */ = {
			isa = PBXContainerItemProxy;
			containerPortal = 182004D82111618F00920F45 /* Project object */;
			proxyType = 1;
			remoteGlobalIDString = 182004DF2111618F00920F45;
			remoteInfo = TestGit;
		};
/* End PBXContainerItemProxy section */

/* Begin PBXFileReference section */
		180E20A4214B65AA00D9D9C2 /* ImageShopUSM.cpp */ = {isa = PBXFileReference; lastKnownFileType = sourcecode.cpp.cpp; path = ImageShopUSM.cpp; sourceTree = "<group>"; };
		180E20A5214B65AA00D9D9C2 /* ImageShopUSM.hpp */ = {isa = PBXFileReference; lastKnownFileType = sourcecode.cpp.h; path = ImageShopUSM.hpp; sourceTree = "<group>"; };
		182004E02111618F00920F45 /* TestGit.app */ = {isa = PBXFileReference; explicitFileType = wrapper.application; includeInIndex = 0; path = TestGit.app; sourceTree = BUILT_PRODUCTS_DIR; };
		182004E32111618F00920F45 /* AppDelegate.h */ = {isa = PBXFileReference; lastKnownFileType = sourcecode.c.h; path = AppDelegate.h; sourceTree = "<group>"; };
		182004E42111618F00920F45 /* AppDelegate.m */ = {isa = PBXFileReference; lastKnownFileType = sourcecode.c.objc; path = AppDelegate.m; sourceTree = "<group>"; };
		182004E62111618F00920F45 /* ViewController.h */ = {isa = PBXFileReference; lastKnownFileType = sourcecode.c.h; path = ViewController.h; sourceTree = "<group>"; };
		182004E72111618F00920F45 /* ViewController.m */ = {isa = PBXFileReference; lastKnownFileType = sourcecode.c.objc; path = ViewController.m; sourceTree = "<group>"; };
		182004EA2111618F00920F45 /* Base */ = {isa = PBXFileReference; lastKnownFileType = file.storyboard; name = Base; path = Base.lproj/Main.storyboard; sourceTree = "<group>"; };
		182004EC2111619100920F45 /* Assets.xcassets */ = {isa = PBXFileReference; lastKnownFileType = folder.assetcatalog; path = Assets.xcassets; sourceTree = "<group>"; };
		182004EF2111619100920F45 /* Base */ = {isa = PBXFileReference; lastKnownFileType = file.storyboard; name = Base; path = Base.lproj/LaunchScreen.storyboard; sourceTree = "<group>"; };
		182004F12111619100920F45 /* Info.plist */ = {isa = PBXFileReference; lastKnownFileType = text.plist.xml; path = Info.plist; sourceTree = "<group>"; };
		182004F22111619100920F45 /* main.m */ = {isa = PBXFileReference; lastKnownFileType = sourcecode.c.objc; path = main.m; sourceTree = "<group>"; };
		182004F82111619100920F45 /* TestGitTests.xctest */ = {isa = PBXFileReference; explicitFileType = wrapper.cfbundle; includeInIndex = 0; path = TestGitTests.xctest; sourceTree = BUILT_PRODUCTS_DIR; };
		182004FC2111619100920F45 /* TestGitTests.m */ = {isa = PBXFileReference; lastKnownFileType = sourcecode.c.objc; path = TestGitTests.m; sourceTree = "<group>"; };
		182004FE2111619100920F45 /* Info.plist */ = {isa = PBXFileReference; lastKnownFileType = text.plist.xml; path = Info.plist; sourceTree = "<group>"; };
		182005032111619100920F45 /* TestGitUITests.xctest */ = {isa = PBXFileReference; explicitFileType = wrapper.cfbundle; includeInIndex = 0; path = TestGitUITests.xctest; sourceTree = BUILT_PRODUCTS_DIR; };
		182005072111619100920F45 /* TestGitUITests.m */ = {isa = PBXFileReference; lastKnownFileType = sourcecode.c.objc; path = TestGitUITests.m; sourceTree = "<group>"; };
		182005092111619100920F45 /* Info.plist */ = {isa = PBXFileReference; lastKnownFileType = text.plist.xml; path = Info.plist; sourceTree = "<group>"; };
		183846D221129AFB00188271 /* CustomConfig.h */ = {isa = PBXFileReference; lastKnownFileType = sourcecode.c.h; path = CustomConfig.h; sourceTree = "<group>"; };
		183C14612137CD54002DB228 /* TestStackView.h */ = {isa = PBXFileReference; lastKnownFileType = sourcecode.c.h; path = TestStackView.h; sourceTree = "<group>"; };
		183C14622137CD54002DB228 /* TestStackView.m */ = {isa = PBXFileReference; lastKnownFileType = sourcecode.c.objc; path = TestStackView.m; sourceTree = "<group>"; };
/* End PBXFileReference section */

/* Begin PBXFrameworksBuildPhase section */
		182004DD2111618F00920F45 /* Frameworks */ = {
			isa = PBXFrameworksBuildPhase;
			buildActionMask = 2147483647;
			files = (
			);
			runOnlyForDeploymentPostprocessing = 0;
		};
		182004F52111619100920F45 /* Frameworks */ = {
			isa = PBXFrameworksBuildPhase;
			buildActionMask = 2147483647;
			files = (
			);
			runOnlyForDeploymentPostprocessing = 0;
		};
		182005002111619100920F45 /* Frameworks */ = {
			isa = PBXFrameworksBuildPhase;
			buildActionMask = 2147483647;
			files = (
			);
			runOnlyForDeploymentPostprocessing = 0;
		};
/* End PBXFrameworksBuildPhase section */

/* Begin PBXGroup section */
		182004D72111618F00920F45 = {
			isa = PBXGroup;
			children = (
				182004E22111618F00920F45 /* TestGit */,
				182004FB2111619100920F45 /* TestGitTests */,
				182005062111619100920F45 /* TestGitUITests */,
				182004E12111618F00920F45 /* Products */,
			);
			sourceTree = "<group>";
		};
		182004E12111618F00920F45 /* Products */ = {
			isa = PBXGroup;
			children = (
				182004E02111618F00920F45 /* TestGit.app */,
				182004F82111619100920F45 /* TestGitTests.xctest */,
				182005032111619100920F45 /* TestGitUITests.xctest */,
			);
			name = Products;
			sourceTree = "<group>";
		};
		182004E22111618F00920F45 /* TestGit */ = {
			isa = PBXGroup;
			children = (
				182004E32111618F00920F45 /* AppDelegate.h */,
				182004E42111618F00920F45 /* AppDelegate.m */,
				182004E62111618F00920F45 /* ViewController.h */,
				182004E72111618F00920F45 /* ViewController.m */,
				183C14612137CD54002DB228 /* TestStackView.h */,
				183C14622137CD54002DB228 /* TestStackView.m */,
				180E20A4214B65AA00D9D9C2 /* ImageShopUSM.cpp */,
				180E20A5214B65AA00D9D9C2 /* ImageShopUSM.hpp */,
				183846D221129AFB00188271 /* CustomConfig.h */,
				182004E92111618F00920F45 /* Main.storyboard */,
				182004EC2111619100920F45 /* Assets.xcassets */,
				182004EE2111619100920F45 /* LaunchScreen.storyboard */,
				182004F12111619100920F45 /* Info.plist */,
				182004F22111619100920F45 /* main.m */,
			);
			path = TestGit;
			sourceTree = "<group>";
		};
		182004FB2111619100920F45 /* TestGitTests */ = {
			isa = PBXGroup;
			children = (
				182004FC2111619100920F45 /* TestGitTests.m */,
				182004FE2111619100920F45 /* Info.plist */,
			);
			path = TestGitTests;
			sourceTree = "<group>";
		};
		182005062111619100920F45 /* TestGitUITests */ = {
			isa = PBXGroup;
			children = (
				182005072111619100920F45 /* TestGitUITests.m */,
				182005092111619100920F45 /* Info.plist */,
			);
			path = TestGitUITests;
			sourceTree = "<group>";
		};
/* End PBXGroup section */

/* Begin PBXNativeTarget section */
		182004DF2111618F00920F45 /* TestGit */ = {
			isa = PBXNativeTarget;
			buildConfigurationList = 1820050C2111619100920F45 /* Build configuration list for PBXNativeTarget "TestGit" */;
			buildPhases = (
				182004DC2111618F00920F45 /* Sources */,
				182004DD2111618F00920F45 /* Frameworks */,
				182004DE2111618F00920F45 /* Resources */,
			);
			buildRules = (
			);
			dependencies = (
			);
			name = TestGit;
			productName = TestGit;
			productReference = 182004E02111618F00920F45 /* TestGit.app */;
			productType = "com.apple.product-type.application";
		};
		182004F72111619100920F45 /* TestGitTests */ = {
			isa = PBXNativeTarget;
			buildConfigurationList = 1820050F2111619100920F45 /* Build configuration list for PBXNativeTarget "TestGitTests" */;
			buildPhases = (
				182004F42111619100920F45 /* Sources */,
				182004F52111619100920F45 /* Frameworks */,
				182004F62111619100920F45 /* Resources */,
			);
			buildRules = (
			);
			dependencies = (
				182004FA2111619100920F45 /* PBXTargetDependency */,
			);
			name = TestGitTests;
			productName = TestGitTests;
			productReference = 182004F82111619100920F45 /* TestGitTests.xctest */;
			productType = "com.apple.product-type.bundle.unit-test";
		};
		182005022111619100920F45 /* TestGitUITests */ = {
			isa = PBXNativeTarget;
			buildConfigurationList = 182005122111619100920F45 /* Build configuration list for PBXNativeTarget "TestGitUITests" */;
			buildPhases = (
				182004FF2111619100920F45 /* Sources */,
				182005002111619100920F45 /* Frameworks */,
				182005012111619100920F45 /* Resources */,
			);
			buildRules = (
			);
			dependencies = (
				182005052111619100920F45 /* PBXTargetDependency */,
			);
			name = TestGitUITests;
			productName = TestGitUITests;
			productReference = 182005032111619100920F45 /* TestGitUITests.xctest */;
			productType = "com.apple.product-type.bundle.ui-testing";
		};
/* End PBXNativeTarget section */

/* Begin PBXProject section */
		182004D82111618F00920F45 /* Project object */ = {
			isa = PBXProject;
			attributes = {
				LastUpgradeCheck = 0940;
				ORGANIZATIONNAME = apple;
				TargetAttributes = {
					182004DF2111618F00920F45 = {
						CreatedOnToolsVersion = 9.4.1;
					};
					182004F72111619100920F45 = {
						CreatedOnToolsVersion = 9.4.1;
						TestTargetID = 182004DF2111618F00920F45;
					};
					182005022111619100920F45 = {
						CreatedOnToolsVersion = 9.4.1;
						TestTargetID = 182004DF2111618F00920F45;
					};
				};
			};
			buildConfigurationList = 182004DB2111618F00920F45 /* Build configuration list for PBXProject "TestGit" */;
			compatibilityVersion = "Xcode 9.3";
			developmentRegion = en;
			hasScannedForEncodings = 0;
			knownRegions = (
				en,
				Base,
			);
			mainGroup = 182004D72111618F00920F45;
			productRefGroup = 182004E12111618F00920F45 /* Products */;
			projectDirPath = "";
			projectRoot = "";
			targets = (
				182004DF2111618F00920F45 /* TestGit */,
				182004F72111619100920F45 /* TestGitTests */,
				182005022111619100920F45 /* TestGitUITests */,
			);
		};
/* End PBXProject section */

/* Begin PBXResourcesBuildPhase section */
		182004DE2111618F00920F45 /* Resources */ = {
			isa = PBXResourcesBuildPhase;
			buildActionMask = 2147483647;
			files = (
				182004F02111619100920F45 /* LaunchScreen.storyboard in Resources */,
				182004ED2111619100920F45 /* Assets.xcassets in Resources */,
				182004EB2111618F00920F45 /* Main.storyboard in Resources */,
			);
			runOnlyForDeploymentPostprocessing = 0;
		};
		182004F62111619100920F45 /* Resources */ = {
			isa = PBXResourcesBuildPhase;
			buildActionMask = 2147483647;
			files = (
			);
			runOnlyForDeploymentPostprocessing = 0;
		};
		182005012111619100920F45 /* Resources */ = {
			isa = PBXResourcesBuildPhase;
			buildActionMask = 2147483647;
			files = (
			);
			runOnlyForDeploymentPostprocessing = 0;
		};
/* End PBXResourcesBuildPhase section */

/* Begin PBXSourcesBuildPhase section */
		182004DC2111618F00920F45 /* Sources */ = {
			isa = PBXSourcesBuildPhase;
			buildActionMask = 2147483647;
			files = (
				182004E82111618F00920F45 /* ViewController.m in Sources */,
				182004F32111619100920F45 /* main.m in Sources */,
				182004E52111618F00920F45 /* AppDelegate.m in Sources */,
				183C14632137CD54002DB228 /* TestStackView.m in Sources */,
				180E20A6214B65AA00D9D9C2 /* ImageShopUSM.cpp in Sources */,
			);
			runOnlyForDeploymentPostprocessing = 0;
		};
		182004F42111619100920F45 /* Sources */ = {
			isa = PBXSourcesBuildPhase;
			buildActionMask = 2147483647;
			files = (
				182004FD2111619100920F45 /* TestGitTests.m in Sources */,
			);
			runOnlyForDeploymentPostprocessing = 0;
		};
		182004FF2111619100920F45 /* Sources */ = {
			isa = PBXSourcesBuildPhase;
			buildActionMask = 2147483647;
			files = (
				182005082111619100920F45 /* TestGitUITests.m in Sources */,
			);
			runOnlyForDeploymentPostprocessing = 0;
		};
/* End PBXSourcesBuildPhase section */

/* Begin PBXTargetDependency section */
		182004FA2111619100920F45 /* PBXTargetDependency */ = {
			isa = PBXTargetDependency;
			target = 182004DF2111618F00920F45 /* TestGit */;
			targetProxy = 182004F92111619100920F45 /* PBXContainerItemProxy */;
		};
		182005052111619100920F45 /* PBXTargetDependency */ = {
			isa = PBXTargetDependency;
			target = 182004DF2111618F00920F45 /* TestGit */;
			targetProxy = 182005042111619100920F45 /* PBXContainerItemProxy */;
		};
/* End PBXTargetDependency section */

/* Begin PBXVariantGroup section */
		182004E92111618F00920F45 /* Main.storyboard */ = {
			isa = PBXVariantGroup;
			children = (
				182004EA2111618F00920F45 /* Base */,
			);
			name = Main.storyboard;
			sourceTree = "<group>";
		};
		182004EE2111619100920F45 /* LaunchScreen.storyboard */ = {
			isa = PBXVariantGroup;
			children = (
				182004EF2111619100920F45 /* Base */,
			);
			name = LaunchScreen.storyboard;
			sourceTree = "<group>";
		};
/* End PBXVariantGroup section */

/* Begin XCBuildConfiguration section */
		1820050A2111619100920F45 /* Debug */ = {
			isa = XCBuildConfiguration;
			buildSettings = {
				ALWAYS_SEARCH_USER_PATHS = NO;
				CLANG_ANALYZER_NONNULL = YES;
				CLANG_ANALYZER_NUMBER_OBJECT_CONVERSION = YES_AGGRESSIVE;
				CLANG_CXX_LANGUAGE_STANDARD = "gnu++14";
				CLANG_CXX_LIBRARY = "libc++";
				CLANG_ENABLE_MODULES = YES;
				CLANG_ENABLE_OBJC_ARC = YES;
				CLANG_ENABLE_OBJC_WEAK = YES;
				CLANG_WARN_BLOCK_CAPTURE_AUTORELEASING = YES;
				CLANG_WARN_BOOL_CONVERSION = YES;
				CLANG_WARN_COMMA = YES;
				CLANG_WARN_CONSTANT_CONVERSION = YES;
				CLANG_WARN_DEPRECATED_OBJC_IMPLEMENTATIONS = YES;
				CLANG_WARN_DIRECT_OBJC_ISA_USAGE = YES_ERROR;
				CLANG_WARN_DOCUMENTATION_COMMENTS = YES;
				CLANG_WARN_EMPTY_BODY = YES;
				CLANG_WARN_ENUM_CONVERSION = YES;
				CLANG_WARN_INFINITE_RECURSION = YES;
				CLANG_WARN_INT_CONVERSION = YES;
				CLANG_WARN_NON_LITERAL_NULL_CONVERSION = YES;
				CLANG_WARN_OBJC_IMPLICIT_RETAIN_SELF = YES;
				CLANG_WARN_OBJC_LITERAL_CONVERSION = YES;
				CLANG_WARN_OBJC_ROOT_CLASS = YES_ERROR;
				CLANG_WARN_RANGE_LOOP_ANALYSIS = YES;
				CLANG_WARN_STRICT_PROTOTYPES = YES;
				CLANG_WARN_SUSPICIOUS_MOVE = YES;
				CLANG_WARN_UNGUARDED_AVAILABILITY = YES_AGGRESSIVE;
				CLANG_WARN_UNREACHABLE_CODE = YES;
				CLANG_WARN__DUPLICATE_METHOD_MATCH = YES;
				CODE_SIGN_IDENTITY = "iPhone Developer";
				COPY_PHASE_STRIP = NO;
				DEBUG_INFORMATION_FORMAT = dwarf;
				ENABLE_STRICT_OBJC_MSGSEND = YES;
				ENABLE_TESTABILITY = YES;
				GCC_C_LANGUAGE_STANDARD = gnu11;
				GCC_DYNAMIC_NO_PIC = NO;
				GCC_NO_COMMON_BLOCKS = YES;
				GCC_OPTIMIZATION_LEVEL = 0;
				GCC_PREPROCESSOR_DEFINITIONS = (
					"DEBUG=1",
					"$(inherited)",
				);
				GCC_WARN_64_TO_32_BIT_CONVERSION = YES;
				GCC_WARN_ABOUT_RETURN_TYPE = YES_ERROR;
				GCC_WARN_UNDECLARED_SELECTOR = YES;
				GCC_WARN_UNINITIALIZED_AUTOS = YES_AGGRESSIVE;
				GCC_WARN_UNUSED_FUNCTION = YES;
				GCC_WARN_UNUSED_VARIABLE = YES;
				IPHONEOS_DEPLOYMENT_TARGET = 11.4;
				MTL_ENABLE_DEBUG_INFO = YES;
				ONLY_ACTIVE_ARCH = YES;
				SDKROOT = iphoneos;
			};
			name = Debug;
		};
		1820050B2111619100920F45 /* Release */ = {
			isa = XCBuildConfiguration;
			buildSettings = {
				ALWAYS_SEARCH_USER_PATHS = NO;
				CLANG_ANALYZER_NONNULL = YES;
				CLANG_ANALYZER_NUMBER_OBJECT_CONVERSION = YES_AGGRESSIVE;
				CLANG_CXX_LANGUAGE_STANDARD = "gnu++14";
				CLANG_CXX_LIBRARY = "libc++";
				CLANG_ENABLE_MODULES = YES;
				CLANG_ENABLE_OBJC_ARC = YES;
				CLANG_ENABLE_OBJC_WEAK = YES;
				CLANG_WARN_BLOCK_CAPTURE_AUTORELEASING = YES;
				CLANG_WARN_BOOL_CONVERSION = YES;
				CLANG_WARN_COMMA = YES;
				CLANG_WARN_CONSTANT_CONVERSION = YES;
				CLANG_WARN_DEPRECATED_OBJC_IMPLEMENTATIONS = YES;
				CLANG_WARN_DIRECT_OBJC_ISA_USAGE = YES_ERROR;
				CLANG_WARN_DOCUMENTATION_COMMENTS = YES;
				CLANG_WARN_EMPTY_BODY = YES;
				CLANG_WARN_ENUM_CONVERSION = YES;
				CLANG_WARN_INFINITE_RECURSION = YES;
				CLANG_WARN_INT_CONVERSION = YES;
				CLANG_WARN_NON_LITERAL_NULL_CONVERSION = YES;
				CLANG_WARN_OBJC_IMPLICIT_RETAIN_SELF = YES;
				CLANG_WARN_OBJC_LITERAL_CONVERSION = YES;
				CLANG_WARN_OBJC_ROOT_CLASS = YES_ERROR;
				CLANG_WARN_RANGE_LOOP_ANALYSIS = YES;
				CLANG_WARN_STRICT_PROTOTYPES = YES;
				CLANG_WARN_SUSPICIOUS_MOVE = YES;
				CLANG_WARN_UNGUARDED_AVAILABILITY = YES_AGGRESSIVE;
				CLANG_WARN_UNREACHABLE_CODE = YES;
				CLANG_WARN__DUPLICATE_METHOD_MATCH = YES;
				CODE_SIGN_IDENTITY = "iPhone Developer";
				COPY_PHASE_STRIP = NO;
				DEBUG_INFORMATION_FORMAT = "dwarf-with-dsym";
				ENABLE_NS_ASSERTIONS = NO;
				ENABLE_STRICT_OBJC_MSGSEND = YES;
				GCC_C_LANGUAGE_STANDARD = gnu11;
				GCC_NO_COMMON_BLOCKS = YES;
				GCC_WARN_64_TO_32_BIT_CONVERSION = YES;
				GCC_WARN_ABOUT_RETURN_TYPE = YES_ERROR;
				GCC_WARN_UNDECLARED_SELECTOR = YES;
				GCC_WARN_UNINITIALIZED_AUTOS = YES_AGGRESSIVE;
				GCC_WARN_UNUSED_FUNCTION = YES;
				GCC_WARN_UNUSED_VARIABLE = YES;
				IPHONEOS_DEPLOYMENT_TARGET = 11.4;
				MTL_ENABLE_DEBUG_INFO = NO;
				SDKROOT = iphoneos;
				VALIDATE_PRODUCT = YES;
			};
			name = Release;
		};
		1820050D2111619100920F45 /* Debug */ = {
			isa = XCBuildConfiguration;
			buildSettings = {
				ASSETCATALOG_COMPILER_APPICON_NAME = AppIcon;
				CODE_SIGN_STYLE = Automatic;
				INFOPLIST_FILE = TestGit/Info.plist;
				LD_RUNPATH_SEARCH_PATHS = (
					"$(inherited)",
					"@executable_path/Frameworks",
				);
				PRODUCT_BUNDLE_IDENTIFIER = com.testGit.TestGit;
				PRODUCT_NAME = "$(TARGET_NAME)";
				TARGETED_DEVICE_FAMILY = "1,2";
			};
			name = Debug;
		};
		1820050E2111619100920F45 /* Release */ = {
			isa = XCBuildConfiguration;
			buildSettings = {
				ASSETCATALOG_COMPILER_APPICON_NAME = AppIcon;
				CODE_SIGN_STYLE = Automatic;
				INFOPLIST_FILE = TestGit/Info.plist;
				LD_RUNPATH_SEARCH_PATHS = (
					"$(inherited)",
					"@executable_path/Frameworks",
				);
				PRODUCT_BUNDLE_IDENTIFIER = com.testGit.TestGit;
				PRODUCT_NAME = "$(TARGET_NAME)";
				TARGETED_DEVICE_FAMILY = "1,2";
			};
			name = Release;
		};
		182005102111619100920F45 /* Debug */ = {
			isa = XCBuildConfiguration;
			buildSettings = {
				BUNDLE_LOADER = "$(TEST_HOST)";
				CODE_SIGN_STYLE = Automatic;
				INFOPLIST_FILE = TestGitTests/Info.plist;
				LD_RUNPATH_SEARCH_PATHS = (
					"$(inherited)",
					"@executable_path/Frameworks",
					"@loader_path/Frameworks",
				);
				PRODUCT_BUNDLE_IDENTIFIER = com.testGit.TestGitTests;
				PRODUCT_NAME = "$(TARGET_NAME)";
				TARGETED_DEVICE_FAMILY = "1,2";
				TEST_HOST = "$(BUILT_PRODUCTS_DIR)/TestGit.app/TestGit";
			};
			name = Debug;
		};
		182005112111619100920F45 /* Release */ = {
			isa = XCBuildConfiguration;
			buildSettings = {
				BUNDLE_LOADER = "$(TEST_HOST)";
				CODE_SIGN_STYLE = Automatic;
				INFOPLIST_FILE = TestGitTests/Info.plist;
				LD_RUNPATH_SEARCH_PATHS = (
					"$(inherited)",
					"@executable_path/Frameworks",
					"@loader_path/Frameworks",
				);
				PRODUCT_BUNDLE_IDENTIFIER = com.testGit.TestGitTests;
				PRODUCT_NAME = "$(TARGET_NAME)";
				TARGETED_DEVICE_FAMILY = "1,2";
				TEST_HOST = "$(BUILT_PRODUCTS_DIR)/TestGit.app/TestGit";
			};
			name = Release;
		};
		182005132111619100920F45 /* Debug */ = {
			isa = XCBuildConfiguration;
			buildSettings = {
				CODE_SIGN_STYLE = Automatic;
				INFOPLIST_FILE = TestGitUITests/Info.plist;
				LD_RUNPATH_SEARCH_PATHS = (
					"$(inherited)",
					"@executable_path/Frameworks",
					"@loader_path/Frameworks",
				);
				PRODUCT_BUNDLE_IDENTIFIER = com.testGit.TestGitUITests;
				PRODUCT_NAME = "$(TARGET_NAME)";
				TARGETED_DEVICE_FAMILY = "1,2";
				TEST_TARGET_NAME = TestGit;
			};
			name = Debug;
		};
		182005142111619100920F45 /* Release */ = {
			isa = XCBuildConfiguration;
			buildSettings = {
				CODE_SIGN_STYLE = Automatic;
				INFOPLIST_FILE = TestGitUITests/Info.plist;
				LD_RUNPATH_SEARCH_PATHS = (
					"$(inherited)",
					"@executable_path/Frameworks",
					"@loader_path/Frameworks",
				);
				PRODUCT_BUNDLE_IDENTIFIER = com.testGit.TestGitUITests;
				PRODUCT_NAME = "$(TARGET_NAME)";
				TARGETED_DEVICE_FAMILY = "1,2";
				TEST_TARGET_NAME = TestGit;
			};
			name = Release;
		};
/* End XCBuildConfiguration section */

/* Begin XCConfigurationList section */
		182004DB2111618F00920F45 /* Build configuration list for PBXProject "TestGit" */ = {
			isa = XCConfigurationList;
			buildConfigurations = (
				1820050A2111619100920F45 /* Debug */,
				1820050B2111619100920F45 /* Release */,
			);
			defaultConfigurationIsVisible = 0;
			defaultConfigurationName = Release;
		};
		1820050C2111619100920F45 /* Build configuration list for PBXNativeTarget "TestGit" */ = {
			isa = XCConfigurationList;
			buildConfigurations = (
				1820050D2111619100920F45 /* Debug */,
				1820050E2111619100920F45 /* Release */,
			);
			defaultConfigurationIsVisible = 0;
			defaultConfigurationName = Release;
		};
		1820050F2111619100920F45 /* Build configuration list for PBXNativeTarget "TestGitTests" */ = {
			isa = XCConfigurationList;
			buildConfigurations = (
				182005102111619100920F45 /* Debug */,
				182005112111619100920F45 /* Release */,
			);
			defaultConfigurationIsVisible = 0;
			defaultConfigurationName = Release;
		};
		182005122111619100920F45 /* Build configuration list for PBXNativeTarget "TestGitUITests" */ = {
			isa = XCConfigurationList;
			buildConfigurations = (
				182005132111619100920F45 /* Debug */,
				182005142111619100920F45 /* Release */,
			);
			defaultConfigurationIsVisible = 0;
			defaultConfigurationName = Release;
		};
/* End XCConfigurationList section */
	};
	rootObject = 182004D82111618F00920F45 /* Project object */;
}
